
Microsoft Visual Studio Solution File, Format Version 12.00
# Visual Studio Version 17
VisualStudioVersion = 17.8.34525.116
MinimumVisualStudioVersion = 10.0.40219.1
Project("{FAE04EC0-301F-11D3-BF4B-00C04F79EFBC}") = "Palíndromos", "Palíndromos.csproj", "{49FC2312-6CC8-4F74-B4CC-B2A43C607B04}"
EndProject
Global
	GlobalSection(SolutionConfigurationPlatforms) = preSolution
		Debug|Any CPU = Debug|Any CPU
		Release|Any CPU = Release|Any CPU
	EndGlobalSection
	GlobalSection(ProjectConfigurationPlatforms) = postSolution
		{49FC2312-6CC8-4F74-B4CC-B2A43C607B04}.Debug|Any CPU.ActiveCfg = Debug|Any CPU
		{49FC2312-6CC8-4F74-B4CC-B2A43C607B04}.Debug|Any CPU.Build.0 = Debug|Any CPU
		{49FC2312-6CC8-4F74-B4CC-B2A43C607B04}.Release|Any CPU.ActiveCfg = Release|Any CPU
		{49FC2312-6CC8-4F74-B4CC-B2A43C607B04}.Release|Any CPU.Build.0 = Release|Any CPU
	EndGlobalSection
	GlobalSection(SolutionProperties) = preSolution
		HideSolutionNode = FALSE
	EndGlobalSection
	GlobalSection(ExtensibilityGlobals) = postSolution
		SolutionGuid = {A56DE40D-0524-4691-848C-90741AF4E077}
	EndGlobalSection
EndGlobal
